
Microsoft Visual Studio Solution File, Format Version 12.00
# Visual Studio 14
VisualStudioVersion = 14.0.25123.0
MinimumVisualStudioVersion = 10.0.40219.1
Project("{FAE04EC0-301F-11D3-BF4B-00C04F79EFBC}") = "01.SayHello", "01.SayHello\01.SayHello.csproj", "{17BBE315-BEE3-4868-842C-04C00726B8AD}"
EndProject
Project("{FAE04EC0-301F-11D3-BF4B-00C04F79EFBC}") = "02.GetLargestNumber", "02.GetLargestNumber\02.GetLargestNumber.csproj", "{F32A4E9B-ECAD-4A91-89FF-A55E72CF84A7}"
EndProject
Project("{FAE04EC0-301F-11D3-BF4B-00C04F79EFBC}") = "03.EnglishDigit", "03.EnglishDigit\03.EnglishDigit.csproj", "{94E7367B-F967-4C6E-AA9D-62EE7EDEC833}"
EndProject
Project("{FAE04EC0-301F-11D3-BF4B-00C04F79EFBC}") = "04.AppearanceCount", "04.AppearanceCount\04.AppearanceCount.csproj", "{B6B19DAF-8CA0-4D62-872F-0CC76541B51F}"
EndProject
Project("{FAE04EC0-301F-11D3-BF4B-00C04F79EFBC}") = "05.LargerThanNeighbours", "05.LargerThanNeighbours\05.LargerThanNeighbours.csproj", "{B6B205E6-A40C-4E5E-ABB6-E399BBBAEA08}"
EndProject
Project("{FAE04EC0-301F-11D3-BF4B-00C04F79EFBC}") = "06.FirstLargerThanNeighbours", "06.FirstLargerThanNeighbours\06.FirstLargerThanNeighbours.csproj", "{11183790-A2B4-48EF-AD46-DB0223A01C70}"
EndProject
Project("{FAE04EC0-301F-11D3-BF4B-00C04F79EFBC}") = "07.ReverseNumber", "07.ReverseNumber\07.ReverseNumber.csproj", "{C4CAF0AD-D1B2-4BA7-B0D7-F2AA6E13EB72}"
EndProject
Project("{FAE04EC0-301F-11D3-BF4B-00C04F79EFBC}") = "08.NumberAsArray", "08.NumberAsArray\08.NumberAsArray.csproj", "{C1FA4AB1-43A5-4B01-B171-F0E6060C46B8}"
EndProject
Project("{FAE04EC0-301F-11D3-BF4B-00C04F79EFBC}") = "09.SortingArray", "09.SortingArray\09.SortingArray.csproj", "{74435A25-93F8-47A9-BE21-641709A065DA}"
EndProject
Project("{FAE04EC0-301F-11D3-BF4B-00C04F79EFBC}") = "10.NFactorial", "10.NFactorial\10.NFactorial.csproj", "{AD0CD4DA-A754-4CBB-93B5-D8272737EAC9}"
EndProject
Project("{FAE04EC0-301F-11D3-BF4B-00C04F79EFBC}") = "11.AddingPolynomals", "11.AddingPolynomals\11.AddingPolynomals.csproj", "{DB16DECC-0F07-4851-AC1F-273EE8FF3FE5}"
EndProject
Project("{FAE04EC0-301F-11D3-BF4B-00C04F79EFBC}") = "10.NFactorial-2", "10.NFactorial-2\10.NFactorial-2.csproj", "{9426A4B5-5FC4-4ADB-9552-230E6DBEDBB0}"
EndProject
Project("{FAE04EC0-301F-11D3-BF4B-00C04F79EFBC}") = "14.IntegerCalculations", "14.IntegerCalculations\14.IntegerCalculations.csproj", "{4FC8A040-8710-4C89-A306-3B14E68F4006}"
EndProject
Global
	GlobalSection(SolutionConfigurationPlatforms) = preSolution
		Debug|Any CPU = Debug|Any CPU
		Release|Any CPU = Release|Any CPU
	EndGlobalSection
	GlobalSection(ProjectConfigurationPlatforms) = postSolution
		{17BBE315-BEE3-4868-842C-04C00726B8AD}.Debug|Any CPU.ActiveCfg = Debug|Any CPU
		{17BBE315-BEE3-4868-842C-04C00726B8AD}.Debug|Any CPU.Build.0 = Debug|Any CPU
		{17BBE315-BEE3-4868-842C-04C00726B8AD}.Release|Any CPU.ActiveCfg = Release|Any CPU
		{17BBE315-BEE3-4868-842C-04C00726B8AD}.Release|Any CPU.Build.0 = Release|Any CPU
		{F32A4E9B-ECAD-4A91-89FF-A55E72CF84A7}.Debug|Any CPU.ActiveCfg = Debug|Any CPU
		{F32A4E9B-ECAD-4A91-89FF-A55E72CF84A7}.Debug|Any CPU.Build.0 = Debug|Any CPU
		{F32A4E9B-ECAD-4A91-89FF-A55E72CF84A7}.Release|Any CPU.ActiveCfg = Release|Any CPU
		{F32A4E9B-ECAD-4A91-89FF-A55E72CF84A7}.Release|Any CPU.Build.0 = Release|Any CPU
		{94E7367B-F967-4C6E-AA9D-62EE7EDEC833}.Debug|Any CPU.ActiveCfg = Debug|Any CPU
		{94E7367B-F967-4C6E-AA9D-62EE7EDEC833}.Debug|Any CPU.Build.0 = Debug|Any CPU
		{94E7367B-F967-4C6E-AA9D-62EE7EDEC833}.Release|Any CPU.ActiveCfg = Release|Any CPU
		{94E7367B-F967-4C6E-AA9D-62EE7EDEC833}.Release|Any CPU.Build.0 = Release|Any CPU
		{B6B19DAF-8CA0-4D62-872F-0CC76541B51F}.Debug|Any CPU.ActiveCfg = Debug|Any CPU
		{B6B19DAF-8CA0-4D62-872F-0CC76541B51F}.Debug|Any CPU.Build.0 = Debug|Any CPU
		{B6B19DAF-8CA0-4D62-872F-0CC76541B51F}.Release|Any CPU.ActiveCfg = Release|Any CPU
		{B6B19DAF-8CA0-4D62-872F-0CC76541B51F}.Release|Any CPU.Build.0 = Release|Any CPU
		{B6B205E6-A40C-4E5E-ABB6-E399BBBAEA08}.Debug|Any CPU.ActiveCfg = Debug|Any CPU
		{B6B205E6-A40C-4E5E-ABB6-E399BBBAEA08}.Debug|Any CPU.Build.0 = Debug|Any CPU
		{B6B205E6-A40C-4E5E-ABB6-E399BBBAEA08}.Release|Any CPU.ActiveCfg = Release|Any CPU
		{B6B205E6-A40C-4E5E-ABB6-E399BBBAEA08}.Release|Any CPU.Build.0 = Release|Any CPU
		{11183790-A2B4-48EF-AD46-DB0223A01C70}.Debug|Any CPU.ActiveCfg = Debug|Any CPU
		{11183790-A2B4-48EF-AD46-DB0223A01C70}.Debug|Any CPU.Build.0 = Debug|Any CPU
		{11183790-A2B4-48EF-AD46-DB0223A01C70}.Release|Any CPU.ActiveCfg = Release|Any CPU
		{11183790-A2B4-48EF-AD46-DB0223A01C70}.Release|Any CPU.Build.0 = Release|Any CPU
		{C4CAF0AD-D1B2-4BA7-B0D7-F2AA6E13EB72}.Debug|Any CPU.ActiveCfg = Debug|Any CPU
		{C4CAF0AD-D1B2-4BA7-B0D7-F2AA6E13EB72}.Debug|Any CPU.Build.0 = Debug|Any CPU
		{C4CAF0AD-D1B2-4BA7-B0D7-F2AA6E13EB72}.Release|Any CPU.ActiveCfg = Release|Any CPU
		{C4CAF0AD-D1B2-4BA7-B0D7-F2AA6E13EB72}.Release|Any CPU.Build.0 = Release|Any CPU
		{C1FA4AB1-43A5-4B01-B171-F0E6060C46B8}.Debug|Any CPU.ActiveCfg = Debug|Any CPU
		{C1FA4AB1-43A5-4B01-B171-F0E6060C46B8}.Debug|Any CPU.Build.0 = Debug|Any CPU
		{C1FA4AB1-43A5-4B01-B171-F0E6060C46B8}.Release|Any CPU.ActiveCfg = Release|Any CPU
		{C1FA4AB1-43A5-4B01-B171-F0E6060C46B8}.Release|Any CPU.Build.0 = Release|Any CPU
		{74435A25-93F8-47A9-BE21-641709A065DA}.Debug|Any CPU.ActiveCfg = Debug|Any CPU
		{74435A25-93F8-47A9-BE21-641709A065DA}.Debug|Any CPU.Build.0 = Debug|Any CPU
		{74435A25-93F8-47A9-BE21-641709A065DA}.Release|Any CPU.ActiveCfg = Release|Any CPU
		{74435A25-93F8-47A9-BE21-641709A065DA}.Release|Any CPU.Build.0 = Release|Any CPU
		{AD0CD4DA-A754-4CBB-93B5-D8272737EAC9}.Debug|Any CPU.ActiveCfg = Debug|Any CPU
		{AD0CD4DA-A754-4CBB-93B5-D8272737EAC9}.Debug|Any CPU.Build.0 = Debug|Any CPU
		{AD0CD4DA-A754-4CBB-93B5-D8272737EAC9}.Release|Any CPU.ActiveCfg = Release|Any CPU
		{AD0CD4DA-A754-4CBB-93B5-D8272737EAC9}.Release|Any CPU.Build.0 = Release|Any CPU
		{DB16DECC-0F07-4851-AC1F-273EE8FF3FE5}.Debug|Any CPU.ActiveCfg = Debug|Any CPU
		{DB16DECC-0F07-4851-AC1F-273EE8FF3FE5}.Debug|Any CPU.Build.0 = Debug|Any CPU
		{DB16DECC-0F07-4851-AC1F-273EE8FF3FE5}.Release|Any CPU.ActiveCfg = Release|Any CPU
		{DB16DECC-0F07-4851-AC1F-273EE8FF3FE5}.Release|Any CPU.Build.0 = Release|Any CPU
		{9426A4B5-5FC4-4ADB-9552-230E6DBEDBB0}.Debug|Any CPU.ActiveCfg = Debug|Any CPU
		{9426A4B5-5FC4-4ADB-9552-230E6DBEDBB0}.Debug|Any CPU.Build.0 = Debug|Any CPU
		{9426A4B5-5FC4-4ADB-9552-230E6DBEDBB0}.Release|Any CPU.ActiveCfg = Release|Any CPU
		{9426A4B5-5FC4-4ADB-9552-230E6DBEDBB0}.Release|Any CPU.Build.0 = Release|Any CPU
		{4FC8A040-8710-4C89-A306-3B14E68F4006}.Debug|Any CPU.ActiveCfg = Debug|Any CPU
		{4FC8A040-8710-4C89-A306-3B14E68F4006}.Debug|Any CPU.Build.0 = Debug|Any CPU
		{4FC8A040-8710-4C89-A306-3B14E68F4006}.Release|Any CPU.ActiveCfg = Release|Any CPU
		{4FC8A040-8710-4C89-A306-3B14E68F4006}.Release|Any CPU.Build.0 = Release|Any CPU
	EndGlobalSection
	GlobalSection(SolutionProperties) = preSolution
		HideSolutionNode = FALSE
	EndGlobalSection
EndGlobal
