
Microsoft Visual Studio Solution File, Format Version 12.00
# Visual Studio 14
VisualStudioVersion = 14.0.25123.0
MinimumVisualStudioVersion = 10.0.40219.1
Project("{FAE04EC0-301F-11D3-BF4B-00C04F79EFBC}") = "01.LeapYear", "01.LeapYear\01.LeapYear.csproj", "{36C7DB05-E890-43EA-883C-6DDFB65F3A1D}"
EndProject
Project("{FAE04EC0-301F-11D3-BF4B-00C04F79EFBC}") = "02.RandomNumbers", "02.RandomNumbers\02.RandomNumbers.csproj", "{D77A408D-4BDA-43E7-893D-7AF383F3007F}"
EndProject
Project("{FAE04EC0-301F-11D3-BF4B-00C04F79EFBC}") = "03.DayOfWeek", "03.DayOfWeek\03.DayOfWeek.csproj", "{568AC227-C887-4B7C-A0BF-FC88945B2314}"
EndProject
Project("{FAE04EC0-301F-11D3-BF4B-00C04F79EFBC}") = "04.TriangleSurfaceBySideAndAltitude", "04.TriangleSurfaceBySideAndAltitude\04.TriangleSurfaceBySideAndAltitude.csproj", "{F8C90559-98B5-4B40-94ED-7FFC5C0EE7A6}"
EndProject
Project("{FAE04EC0-301F-11D3-BF4B-00C04F79EFBC}") = "05.TriangleSurfaceByThreeSides", "05.TriangleSurfaceByThreeSides\05.TriangleSurfaceByThreeSides.csproj", "{DE564658-983D-4718-83CF-AF268BD8B4E4}"
EndProject
Project("{FAE04EC0-301F-11D3-BF4B-00C04F79EFBC}") = "06.TriangleSurfaceByTwoSidesAndAnAngle", "06.TriangleSurfaceByTwoSidesAndAnAngle\06.TriangleSurfaceByTwoSidesAndAnAngle.csproj", "{9C43B2E8-04D1-44D6-8E27-DAFA32585205}"
EndProject
Project("{FAE04EC0-301F-11D3-BF4B-00C04F79EFBC}") = "08.SumIntegers", "08.SumIntegers\08.SumIntegers.csproj", "{E33BC6AB-D4BD-4B70-A49B-6EE23CCA9369}"
EndProject
Global
	GlobalSection(SolutionConfigurationPlatforms) = preSolution
		Debug|Any CPU = Debug|Any CPU
		Release|Any CPU = Release|Any CPU
	EndGlobalSection
	GlobalSection(ProjectConfigurationPlatforms) = postSolution
		{36C7DB05-E890-43EA-883C-6DDFB65F3A1D}.Debug|Any CPU.ActiveCfg = Debug|Any CPU
		{36C7DB05-E890-43EA-883C-6DDFB65F3A1D}.Debug|Any CPU.Build.0 = Debug|Any CPU
		{36C7DB05-E890-43EA-883C-6DDFB65F3A1D}.Release|Any CPU.ActiveCfg = Release|Any CPU
		{36C7DB05-E890-43EA-883C-6DDFB65F3A1D}.Release|Any CPU.Build.0 = Release|Any CPU
		{D77A408D-4BDA-43E7-893D-7AF383F3007F}.Debug|Any CPU.ActiveCfg = Debug|Any CPU
		{D77A408D-4BDA-43E7-893D-7AF383F3007F}.Debug|Any CPU.Build.0 = Debug|Any CPU
		{D77A408D-4BDA-43E7-893D-7AF383F3007F}.Release|Any CPU.ActiveCfg = Release|Any CPU
		{D77A408D-4BDA-43E7-893D-7AF383F3007F}.Release|Any CPU.Build.0 = Release|Any CPU
		{568AC227-C887-4B7C-A0BF-FC88945B2314}.Debug|Any CPU.ActiveCfg = Debug|Any CPU
		{568AC227-C887-4B7C-A0BF-FC88945B2314}.Debug|Any CPU.Build.0 = Debug|Any CPU
		{568AC227-C887-4B7C-A0BF-FC88945B2314}.Release|Any CPU.ActiveCfg = Release|Any CPU
		{568AC227-C887-4B7C-A0BF-FC88945B2314}.Release|Any CPU.Build.0 = Release|Any CPU
		{F8C90559-98B5-4B40-94ED-7FFC5C0EE7A6}.Debug|Any CPU.ActiveCfg = Debug|Any CPU
		{F8C90559-98B5-4B40-94ED-7FFC5C0EE7A6}.Debug|Any CPU.Build.0 = Debug|Any CPU
		{F8C90559-98B5-4B40-94ED-7FFC5C0EE7A6}.Release|Any CPU.ActiveCfg = Release|Any CPU
		{F8C90559-98B5-4B40-94ED-7FFC5C0EE7A6}.Release|Any CPU.Build.0 = Release|Any CPU
		{DE564658-983D-4718-83CF-AF268BD8B4E4}.Debug|Any CPU.ActiveCfg = Debug|Any CPU
		{DE564658-983D-4718-83CF-AF268BD8B4E4}.Debug|Any CPU.Build.0 = Debug|Any CPU
		{DE564658-983D-4718-83CF-AF268BD8B4E4}.Release|Any CPU.ActiveCfg = Release|Any CPU
		{DE564658-983D-4718-83CF-AF268BD8B4E4}.Release|Any CPU.Build.0 = Release|Any CPU
		{9C43B2E8-04D1-44D6-8E27-DAFA32585205}.Debug|Any CPU.ActiveCfg = Debug|Any CPU
		{9C43B2E8-04D1-44D6-8E27-DAFA32585205}.Debug|Any CPU.Build.0 = Debug|Any CPU
		{9C43B2E8-04D1-44D6-8E27-DAFA32585205}.Release|Any CPU.ActiveCfg = Release|Any CPU
		{9C43B2E8-04D1-44D6-8E27-DAFA32585205}.Release|Any CPU.Build.0 = Release|Any CPU
		{E33BC6AB-D4BD-4B70-A49B-6EE23CCA9369}.Debug|Any CPU.ActiveCfg = Debug|Any CPU
		{E33BC6AB-D4BD-4B70-A49B-6EE23CCA9369}.Debug|Any CPU.Build.0 = Debug|Any CPU
		{E33BC6AB-D4BD-4B70-A49B-6EE23CCA9369}.Release|Any CPU.ActiveCfg = Release|Any CPU
		{E33BC6AB-D4BD-4B70-A49B-6EE23CCA9369}.Release|Any CPU.Build.0 = Release|Any CPU
	EndGlobalSection
	GlobalSection(SolutionProperties) = preSolution
		HideSolutionNode = FALSE
	EndGlobalSection
EndGlobal
